// !$*UTF8*$!
{
	archiveVersion = 1;
	classes = {
	};
	objectVersion = 48;
	objects = {

/* Begin PBXBuildFile section */
		183EC648200942BD0043C82B /* RESTService.swift in Sources */ = {isa = PBXBuildFile; fileRef = 183EC647200942BD0043C82B /* RESTService.swift */; };
		183EC64A200943DC0043C82B /* ApplicationConfiguration.swift in Sources */ = {isa = PBXBuildFile; fileRef = 183EC649200943DC0043C82B /* ApplicationConfiguration.swift */; };
		183EC64C20094BE00043C82B /* TranslationResponse.swift in Sources */ = {isa = PBXBuildFile; fileRef = 183EC64B20094BE00043C82B /* TranslationResponse.swift */; };
		183EC64E20094C360043C82B /* RESTRequestFactory.swift in Sources */ = {isa = PBXBuildFile; fileRef = 183EC64D20094C360043C82B /* RESTRequestFactory.swift */; };
		183EC653200A65060043C82B /* TranslationViewController.swift in Sources */ = {isa = PBXBuildFile; fileRef = 183EC651200A65060043C82B /* TranslationViewController.swift */; };
		183EC656200A6C950043C82B /* TranslationView.swift in Sources */ = {isa = PBXBuildFile; fileRef = 183EC655200A6C950043C82B /* TranslationView.swift */; };
		183EC658200A6CAD0043C82B /* TranslationView.xib in Resources */ = {isa = PBXBuildFile; fileRef = 183EC657200A6CAD0043C82B /* TranslationView.xib */; };
		183EC65A200A6F520043C82B /* TranslationViewPresentation.swift in Sources */ = {isa = PBXBuildFile; fileRef = 183EC659200A6F520043C82B /* TranslationViewPresentation.swift */; };
		183EC65C200A6FA50043C82B /* CaptureSessionService.swift in Sources */ = {isa = PBXBuildFile; fileRef = 183EC65B200A6FA50043C82B /* CaptureSessionService.swift */; };
		183EC65E200B80CF0043C82B /* String+Formatting.swift in Sources */ = {isa = PBXBuildFile; fileRef = 183EC65D200B80CF0043C82B /* String+Formatting.swift */; };
		183EC663200BFC880043C82B /* AsyncOperation.swift in Sources */ = {isa = PBXBuildFile; fileRef = 183EC662200BFC880043C82B /* AsyncOperation.swift */; };
		183EC665200BFC9D0043C82B /* TranslationOperation.swift in Sources */ = {isa = PBXBuildFile; fileRef = 183EC664200BFC9D0043C82B /* TranslationOperation.swift */; };
		1841B4FE20000F2A0055BD73 /* ObservationResultsCoordinator.swift in Sources */ = {isa = PBXBuildFile; fileRef = 1841B4FD20000F2A0055BD73 /* ObservationResultsCoordinator.swift */; };
		1841B50120000FD40055BD73 /* ObservationResultsViewController.swift in Sources */ = {isa = PBXBuildFile; fileRef = 1841B4FF20000FD40055BD73 /* ObservationResultsViewController.swift */; };
		1841B50220000FD40055BD73 /* ObservationResultsViewController.xib in Resources */ = {isa = PBXBuildFile; fileRef = 1841B50020000FD40055BD73 /* ObservationResultsViewController.xib */; };
		1841B5042000FEDD0055BD73 /* ObservationResultCell.swift in Sources */ = {isa = PBXBuildFile; fileRef = 1841B5032000FEDD0055BD73 /* ObservationResultCell.swift */; };
		1841B506200105090055BD73 /* UITableView+CellUsage.swift in Sources */ = {isa = PBXBuildFile; fileRef = 1841B505200105090055BD73 /* UITableView+CellUsage.swift */; };
		1841B50B200109CB0055BD73 /* ObservationViewPresentation.swift in Sources */ = {isa = PBXBuildFile; fileRef = 1841B50A200109CA0055BD73 /* ObservationViewPresentation.swift */; };
		1841B50D200116220055BD73 /* ObservationResultsDataSource.swift in Sources */ = {isa = PBXBuildFile; fileRef = 1841B50C200116220055BD73 /* ObservationResultsDataSource.swift */; };
		1841B50F200119BE0055BD73 /* ObservationResultCell.xib in Resources */ = {isa = PBXBuildFile; fileRef = 1841B50E200119BE0055BD73 /* ObservationResultCell.xib */; };
		185B56D21FDEF6D3008E0D56 /* TakePhotoViewController.xib in Resources */ = {isa = PBXBuildFile; fileRef = 185B56D11FDEF6D3008E0D56 /* TakePhotoViewController.xib */; };
		185B56E11FE27818008E0D56 /* UIViewController+Alerts.swift in Sources */ = {isa = PBXBuildFile; fileRef = 185B56E01FE27818008E0D56 /* UIViewController+Alerts.swift */; };
		1860A87A200405C7008042EE /* TranslationCoordinator.swift in Sources */ = {isa = PBXBuildFile; fileRef = 1860A879200405C7008042EE /* TranslationCoordinator.swift */; };
		1860A87C200406F0008042EE /* TranslationService.swift in Sources */ = {isa = PBXBuildFile; fileRef = 1860A87B200406F0008042EE /* TranslationService.swift */; };
		1887A5DE1FFAA4B300BA19A0 /* CameraFrameExtractService.swift in Sources */ = {isa = PBXBuildFile; fileRef = 1887A5DB1FFAA4B300BA19A0 /* CameraFrameExtractService.swift */; };
		1887A5DF1FFAA4B300BA19A0 /* ObservationService.swift in Sources */ = {isa = PBXBuildFile; fileRef = 1887A5DC1FFAA4B300BA19A0 /* ObservationService.swift */; };
		1887A5E01FFAA4B300BA19A0 /* CaptureDevicePermissionService.swift in Sources */ = {isa = PBXBuildFile; fileRef = 1887A5DD1FFAA4B300BA19A0 /* CaptureDevicePermissionService.swift */; };
		1887A5E71FFC0FBF00BA19A0 /* ObservationStore.swift in Sources */ = {isa = PBXBuildFile; fileRef = 1887A5E61FFC0FBF00BA19A0 /* ObservationStore.swift */; };
		1887A5E91FFC120400BA19A0 /* DispatchQueue+Naming.swift in Sources */ = {isa = PBXBuildFile; fileRef = 1887A5E81FFC120400BA19A0 /* DispatchQueue+Naming.swift */; };
		1887A5EB1FFC18A500BA19A0 /* DispatchQueue+NamingTests.swift in Sources */ = {isa = PBXBuildFile; fileRef = 1887A5EA1FFC18A500BA19A0 /* DispatchQueue+NamingTests.swift */; };
		1887A5F01FFC20E200BA19A0 /* ObservationTransformer.swift in Sources */ = {isa = PBXBuildFile; fileRef = 1887A5EF1FFC20E200BA19A0 /* ObservationTransformer.swift */; };
		189303C620112D1400E9B494 /* TranslatedObservationTransformer.swift in Sources */ = {isa = PBXBuildFile; fileRef = 189303C520112D1400E9B494 /* TranslatedObservationTransformer.swift */; };
		189303CC2012702200E9B494 /* LanguageHelper.swift in Sources */ = {isa = PBXBuildFile; fileRef = 189303CB2012702200E9B494 /* LanguageHelper.swift */; };
		189303D12012724600E9B494 /* MobileNet.mlmodel in Sources */ = {isa = PBXBuildFile; fileRef = 189303CF2012724600E9B494 /* MobileNet.mlmodel */; };
		189303D22012724600E9B494 /* .gitattributes in Resources */ = {isa = PBXBuildFile; fileRef = 189303D02012724600E9B494 /* .gitattributes */; };
		189303D42012725D00E9B494 /* TranslatedObservation.swift in Sources */ = {isa = PBXBuildFile; fileRef = 189303D32012725D00E9B494 /* TranslatedObservation.swift */; };
		189303D62012726C00E9B494 /* Translation.swift in Sources */ = {isa = PBXBuildFile; fileRef = 189303D52012726C00E9B494 /* Translation.swift */; };
		189303D920127A9700E9B494 /* Default-568h@2x.png in Resources */ = {isa = PBXBuildFile; fileRef = 189303D820127A9600E9B494 /* Default-568h@2x.png */; };
		18B696F21FDD8F9C00D7C401 /* AppDelegate.swift in Sources */ = {isa = PBXBuildFile; fileRef = 18B696F11FDD8F9C00D7C401 /* AppDelegate.swift */; };
		18B696F91FDD8F9C00D7C401 /* Assets.xcassets in Resources */ = {isa = PBXBuildFile; fileRef = 18B696F81FDD8F9C00D7C401 /* Assets.xcassets */; };
		18B696FC1FDD8F9C00D7C401 /* LaunchScreen.storyboard in Resources */ = {isa = PBXBuildFile; fileRef = 18B696FA1FDD8F9C00D7C401 /* LaunchScreen.storyboard */; };
		18B6971A1FDDA68C00D7C401 /* Coordinator.swift in Sources */ = {isa = PBXBuildFile; fileRef = 18B697171FDDA68C00D7C401 /* Coordinator.swift */; };
		18B6971B1FDDA68C00D7C401 /* TakePhotoCoordinator.swift in Sources */ = {isa = PBXBuildFile; fileRef = 18B697191FDDA68C00D7C401 /* TakePhotoCoordinator.swift */; };
		18B6971D1FDDA6B700D7C401 /* TakePhotoViewController.swift in Sources */ = {isa = PBXBuildFile; fileRef = 18B6971C1FDDA6B700D7C401 /* TakePhotoViewController.swift */; };
		18B697221FDDA6F800D7C401 /* AppCoordinator.swift in Sources */ = {isa = PBXBuildFile; fileRef = 18B697211FDDA6F800D7C401 /* AppCoordinator.swift */; };
		50A48D2AC8665BA024E1BA41 /* Pods_CoreTranslateTests.framework in Frameworks */ = {isa = PBXBuildFile; fileRef = C97234EB1F5A5A3D7E9A2D31 /* Pods_CoreTranslateTests.framework */; };
		D151F59D3A6B06CB0213EF2B /* Pods_CoreTranslate.framework in Frameworks */ = {isa = PBXBuildFile; fileRef = 6FF638CC703ACCCEF1D4021F /* Pods_CoreTranslate.framework */; };
/* End PBXBuildFile section */

/* Begin PBXContainerItemProxy section */
		18B697031FDD8F9C00D7C401 /* PBXContainerItemProxy */ = {
			isa = PBXContainerItemProxy;
			containerPortal = 18B696E61FDD8F9C00D7C401 /* Project object */;
			proxyType = 1;
			remoteGlobalIDString = 18B696ED1FDD8F9C00D7C401;
			remoteInfo = CoreTranslate;
		};
/* End PBXContainerItemProxy section */

/* Begin PBXFileReference section */
		183EC647200942BD0043C82B /* RESTService.swift */ = {isa = PBXFileReference; fileEncoding = 4; lastKnownFileType = sourcecode.swift; path = RESTService.swift; sourceTree = "<group>"; };
		183EC649200943DC0043C82B /* ApplicationConfiguration.swift */ = {isa = PBXFileReference; lastKnownFileType = sourcecode.swift; path = ApplicationConfiguration.swift; sourceTree = "<group>"; };
		183EC64B20094BE00043C82B /* TranslationResponse.swift */ = {isa = PBXFileReference; lastKnownFileType = sourcecode.swift; path = TranslationResponse.swift; sourceTree = "<group>"; };
		183EC64D20094C360043C82B /* RESTRequestFactory.swift */ = {isa = PBXFileReference; lastKnownFileType = sourcecode.swift; path = RESTRequestFactory.swift; sourceTree = "<group>"; };
		183EC651200A65060043C82B /* TranslationViewController.swift */ = {isa = PBXFileReference; lastKnownFileType = sourcecode.swift; path = TranslationViewController.swift; sourceTree = "<group>"; };
		183EC655200A6C950043C82B /* TranslationView.swift */ = {isa = PBXFileReference; lastKnownFileType = sourcecode.swift; path = TranslationView.swift; sourceTree = "<group>"; };
		183EC657200A6CAD0043C82B /* TranslationView.xib */ = {isa = PBXFileReference; lastKnownFileType = file.xib; path = TranslationView.xib; sourceTree = "<group>"; };
		183EC659200A6F520043C82B /* TranslationViewPresentation.swift */ = {isa = PBXFileReference; lastKnownFileType = sourcecode.swift; path = TranslationViewPresentation.swift; sourceTree = "<group>"; };
		183EC65B200A6FA50043C82B /* CaptureSessionService.swift */ = {isa = PBXFileReference; lastKnownFileType = sourcecode.swift; path = CaptureSessionService.swift; sourceTree = "<group>"; };
		183EC65D200B80CF0043C82B /* String+Formatting.swift */ = {isa = PBXFileReference; lastKnownFileType = sourcecode.swift; path = "String+Formatting.swift"; sourceTree = "<group>"; };
		183EC662200BFC880043C82B /* AsyncOperation.swift */ = {isa = PBXFileReference; fileEncoding = 4; lastKnownFileType = sourcecode.swift; path = AsyncOperation.swift; sourceTree = "<group>"; };
		183EC664200BFC9D0043C82B /* TranslationOperation.swift */ = {isa = PBXFileReference; lastKnownFileType = sourcecode.swift; path = TranslationOperation.swift; sourceTree = "<group>"; };
		1841B4FD20000F2A0055BD73 /* ObservationResultsCoordinator.swift */ = {isa = PBXFileReference; fileEncoding = 4; lastKnownFileType = sourcecode.swift; path = ObservationResultsCoordinator.swift; sourceTree = "<group>"; };
		1841B4FF20000FD40055BD73 /* ObservationResultsViewController.swift */ = {isa = PBXFileReference; lastKnownFileType = sourcecode.swift; path = ObservationResultsViewController.swift; sourceTree = "<group>"; };
		1841B50020000FD40055BD73 /* ObservationResultsViewController.xib */ = {isa = PBXFileReference; lastKnownFileType = file.xib; path = ObservationResultsViewController.xib; sourceTree = "<group>"; };
		1841B5032000FEDD0055BD73 /* ObservationResultCell.swift */ = {isa = PBXFileReference; lastKnownFileType = sourcecode.swift; path = ObservationResultCell.swift; sourceTree = "<group>"; };
		1841B505200105090055BD73 /* UITableView+CellUsage.swift */ = {isa = PBXFileReference; lastKnownFileType = sourcecode.swift; path = "UITableView+CellUsage.swift"; sourceTree = "<group>"; };
		1841B50A200109CA0055BD73 /* ObservationViewPresentation.swift */ = {isa = PBXFileReference; fileEncoding = 4; lastKnownFileType = sourcecode.swift; path = ObservationViewPresentation.swift; sourceTree = "<group>"; };
		1841B50C200116220055BD73 /* ObservationResultsDataSource.swift */ = {isa = PBXFileReference; lastKnownFileType = sourcecode.swift; path = ObservationResultsDataSource.swift; sourceTree = "<group>"; };
		1841B50E200119BE0055BD73 /* ObservationResultCell.xib */ = {isa = PBXFileReference; lastKnownFileType = file.xib; path = ObservationResultCell.xib; sourceTree = "<group>"; };
		185B56D11FDEF6D3008E0D56 /* TakePhotoViewController.xib */ = {isa = PBXFileReference; lastKnownFileType = file.xib; path = TakePhotoViewController.xib; sourceTree = "<group>"; };
		185B56E01FE27818008E0D56 /* UIViewController+Alerts.swift */ = {isa = PBXFileReference; fileEncoding = 4; lastKnownFileType = sourcecode.swift; path = "UIViewController+Alerts.swift"; sourceTree = "<group>"; };
		1860A879200405C7008042EE /* TranslationCoordinator.swift */ = {isa = PBXFileReference; fileEncoding = 4; lastKnownFileType = sourcecode.swift; path = TranslationCoordinator.swift; sourceTree = "<group>"; };
		1860A87B200406F0008042EE /* TranslationService.swift */ = {isa = PBXFileReference; lastKnownFileType = sourcecode.swift; path = TranslationService.swift; sourceTree = "<group>"; };
		1887A5DB1FFAA4B300BA19A0 /* CameraFrameExtractService.swift */ = {isa = PBXFileReference; fileEncoding = 4; lastKnownFileType = sourcecode.swift; path = CameraFrameExtractService.swift; sourceTree = "<group>"; };
		1887A5DC1FFAA4B300BA19A0 /* ObservationService.swift */ = {isa = PBXFileReference; fileEncoding = 4; lastKnownFileType = sourcecode.swift; path = ObservationService.swift; sourceTree = "<group>"; };
		1887A5DD1FFAA4B300BA19A0 /* CaptureDevicePermissionService.swift */ = {isa = PBXFileReference; fileEncoding = 4; lastKnownFileType = sourcecode.swift; path = CaptureDevicePermissionService.swift; sourceTree = "<group>"; };
		1887A5E61FFC0FBF00BA19A0 /* ObservationStore.swift */ = {isa = PBXFileReference; fileEncoding = 4; lastKnownFileType = sourcecode.swift; path = ObservationStore.swift; sourceTree = "<group>"; };
		1887A5E81FFC120400BA19A0 /* DispatchQueue+Naming.swift */ = {isa = PBXFileReference; lastKnownFileType = sourcecode.swift; path = "DispatchQueue+Naming.swift"; sourceTree = "<group>"; };
		1887A5EA1FFC18A500BA19A0 /* DispatchQueue+NamingTests.swift */ = {isa = PBXFileReference; lastKnownFileType = sourcecode.swift; path = "DispatchQueue+NamingTests.swift"; sourceTree = "<group>"; };
		1887A5EF1FFC20E200BA19A0 /* ObservationTransformer.swift */ = {isa = PBXFileReference; fileEncoding = 4; lastKnownFileType = sourcecode.swift; path = ObservationTransformer.swift; sourceTree = "<group>"; };
		189303C520112D1400E9B494 /* TranslatedObservationTransformer.swift */ = {isa = PBXFileReference; lastKnownFileType = sourcecode.swift; path = TranslatedObservationTransformer.swift; sourceTree = "<group>"; };
		189303CB2012702200E9B494 /* LanguageHelper.swift */ = {isa = PBXFileReference; lastKnownFileType = sourcecode.swift; path = LanguageHelper.swift; sourceTree = "<group>"; };
		189303CF2012724600E9B494 /* MobileNet.mlmodel */ = {isa = PBXFileReference; lastKnownFileType = file.mlmodel; path = MobileNet.mlmodel; sourceTree = "<group>"; };
		189303D02012724600E9B494 /* .gitattributes */ = {isa = PBXFileReference; fileEncoding = 4; lastKnownFileType = text; path = .gitattributes; sourceTree = "<group>"; };
		189303D32012725D00E9B494 /* TranslatedObservation.swift */ = {isa = PBXFileReference; lastKnownFileType = sourcecode.swift; path = TranslatedObservation.swift; sourceTree = "<group>"; };
		189303D52012726C00E9B494 /* Translation.swift */ = {isa = PBXFileReference; lastKnownFileType = sourcecode.swift; path = Translation.swift; sourceTree = "<group>"; };
		189303D820127A9600E9B494 /* Default-568h@2x.png */ = {isa = PBXFileReference; lastKnownFileType = image.png; path = "Default-568h@2x.png"; sourceTree = "<group>"; };
		18B696EE1FDD8F9C00D7C401 /* CoreTranslate.app */ = {isa = PBXFileReference; explicitFileType = wrapper.application; includeInIndex = 0; path = CoreTranslate.app; sourceTree = BUILT_PRODUCTS_DIR; };
		18B696F11FDD8F9C00D7C401 /* AppDelegate.swift */ = {isa = PBXFileReference; lastKnownFileType = sourcecode.swift; path = AppDelegate.swift; sourceTree = "<group>"; };
		18B696F81FDD8F9C00D7C401 /* Assets.xcassets */ = {isa = PBXFileReference; lastKnownFileType = folder.assetcatalog; path = Assets.xcassets; sourceTree = "<group>"; };
		18B696FB1FDD8F9C00D7C401 /* Base */ = {isa = PBXFileReference; lastKnownFileType = file.storyboard; name = Base; path = Base.lproj/LaunchScreen.storyboard; sourceTree = "<group>"; };
		18B696FD1FDD8F9C00D7C401 /* Info.plist */ = {isa = PBXFileReference; lastKnownFileType = text.plist.xml; path = Info.plist; sourceTree = "<group>"; };
		18B697021FDD8F9C00D7C401 /* CoreTranslateTests.xctest */ = {isa = PBXFileReference; explicitFileType = wrapper.cfbundle; includeInIndex = 0; path = CoreTranslateTests.xctest; sourceTree = BUILT_PRODUCTS_DIR; };
		18B697081FDD8F9D00D7C401 /* Info.plist */ = {isa = PBXFileReference; lastKnownFileType = text.plist.xml; path = Info.plist; sourceTree = "<group>"; };
		18B697171FDDA68C00D7C401 /* Coordinator.swift */ = {isa = PBXFileReference; fileEncoding = 4; lastKnownFileType = sourcecode.swift; path = Coordinator.swift; sourceTree = "<group>"; };
		18B697191FDDA68C00D7C401 /* TakePhotoCoordinator.swift */ = {isa = PBXFileReference; fileEncoding = 4; lastKnownFileType = sourcecode.swift; path = TakePhotoCoordinator.swift; sourceTree = "<group>"; };
		18B6971C1FDDA6B700D7C401 /* TakePhotoViewController.swift */ = {isa = PBXFileReference; lastKnownFileType = sourcecode.swift; path = TakePhotoViewController.swift; sourceTree = "<group>"; };
		18B697211FDDA6F800D7C401 /* AppCoordinator.swift */ = {isa = PBXFileReference; fileEncoding = 4; lastKnownFileType = sourcecode.swift; path = AppCoordinator.swift; sourceTree = "<group>"; };
		4431AC74F1ACDE42761FF27D /* Pods-CoreTranslate.debug.xcconfig */ = {isa = PBXFileReference; includeInIndex = 1; lastKnownFileType = text.xcconfig; name = "Pods-CoreTranslate.debug.xcconfig"; path = "Pods/Target Support Files/Pods-CoreTranslate/Pods-CoreTranslate.debug.xcconfig"; sourceTree = "<group>"; };
		6FF638CC703ACCCEF1D4021F /* Pods_CoreTranslate.framework */ = {isa = PBXFileReference; explicitFileType = wrapper.framework; includeInIndex = 0; path = Pods_CoreTranslate.framework; sourceTree = BUILT_PRODUCTS_DIR; };
		91B8F4CB54DFC65BB9345426 /* Pods-CoreTranslate.release.xcconfig */ = {isa = PBXFileReference; includeInIndex = 1; lastKnownFileType = text.xcconfig; name = "Pods-CoreTranslate.release.xcconfig"; path = "Pods/Target Support Files/Pods-CoreTranslate/Pods-CoreTranslate.release.xcconfig"; sourceTree = "<group>"; };
		B675DFE5244572DD412BBDE9 /* Pods-CoreTranslateTests.debug.xcconfig */ = {isa = PBXFileReference; includeInIndex = 1; lastKnownFileType = text.xcconfig; name = "Pods-CoreTranslateTests.debug.xcconfig"; path = "Pods/Target Support Files/Pods-CoreTranslateTests/Pods-CoreTranslateTests.debug.xcconfig"; sourceTree = "<group>"; };
		C97234EB1F5A5A3D7E9A2D31 /* Pods_CoreTranslateTests.framework */ = {isa = PBXFileReference; explicitFileType = wrapper.framework; includeInIndex = 0; path = Pods_CoreTranslateTests.framework; sourceTree = BUILT_PRODUCTS_DIR; };
		D054F1AA5E39D3297956F2D7 /* Pods-CoreTranslateTests.release.xcconfig */ = {isa = PBXFileReference; includeInIndex = 1; lastKnownFileType = text.xcconfig; name = "Pods-CoreTranslateTests.release.xcconfig"; path = "Pods/Target Support Files/Pods-CoreTranslateTests/Pods-CoreTranslateTests.release.xcconfig"; sourceTree = "<group>"; };
/* End PBXFileReference section */

/* Begin PBXFrameworksBuildPhase section */
		18B696EB1FDD8F9C00D7C401 /* Frameworks */ = {
			isa = PBXFrameworksBuildPhase;
			buildActionMask = 2147483647;
			files = (
				D151F59D3A6B06CB0213EF2B /* Pods_CoreTranslate.framework in Frameworks */,
			);
			runOnlyForDeploymentPostprocessing = 0;
		};
		18B696FF1FDD8F9C00D7C401 /* Frameworks */ = {
			isa = PBXFrameworksBuildPhase;
			buildActionMask = 2147483647;
			files = (
				50A48D2AC8665BA024E1BA41 /* Pods_CoreTranslateTests.framework in Frameworks */,
			);
			runOnlyForDeploymentPostprocessing = 0;
		};
/* End PBXFrameworksBuildPhase section */

/* Begin PBXGroup section */
		183EC646200942BD0043C82B /* Networking */ = {
			isa = PBXGroup;
			children = (
				183EC647200942BD0043C82B /* RESTService.swift */,
				183EC64D20094C360043C82B /* RESTRequestFactory.swift */,
				183EC650200A287B0043C82B /* Responses */,
			);
			path = Networking;
			sourceTree = "<group>";
		};
		183EC650200A287B0043C82B /* Responses */ = {
			isa = PBXGroup;
			children = (
				183EC64B20094BE00043C82B /* TranslationResponse.swift */,
			);
			path = Responses;
			sourceTree = "<group>";
		};
		183EC661200BFC880043C82B /* Operations */ = {
			isa = PBXGroup;
			children = (
				183EC662200BFC880043C82B /* AsyncOperation.swift */,
				183EC664200BFC9D0043C82B /* TranslationOperation.swift */,
			);
			path = Operations;
			sourceTree = "<group>";
		};
		1841B4FC20000F2A0055BD73 /* ObservationResults */ = {
			isa = PBXGroup;
			children = (
				1841B4FD20000F2A0055BD73 /* ObservationResultsCoordinator.swift */,
				1841B4FF20000FD40055BD73 /* ObservationResultsViewController.swift */,
				1841B50C200116220055BD73 /* ObservationResultsDataSource.swift */,
				1841B50020000FD40055BD73 /* ObservationResultsViewController.xib */,
				1841B5032000FEDD0055BD73 /* ObservationResultCell.swift */,
				1841B50E200119BE0055BD73 /* ObservationResultCell.xib */,
			);
			path = ObservationResults;
			sourceTree = "<group>";
		};
		1841B509200109CA0055BD73 /* ViewPresentations */ = {
			isa = PBXGroup;
			children = (
				1841B50A200109CA0055BD73 /* ObservationViewPresentation.swift */,
				183EC659200A6F520043C82B /* TranslationViewPresentation.swift */,
			);
			path = ViewPresentations;
			sourceTree = "<group>";
		};
		185B56DF1FE27818008E0D56 /* Extensions */ = {
			isa = PBXGroup;
			children = (
				185B56E01FE27818008E0D56 /* UIViewController+Alerts.swift */,
				1887A5E81FFC120400BA19A0 /* DispatchQueue+Naming.swift */,
				1841B505200105090055BD73 /* UITableView+CellUsage.swift */,
				183EC65D200B80CF0043C82B /* String+Formatting.swift */,
			);
			path = Extensions;
			sourceTree = "<group>";
		};
		1860A878200405C7008042EE /* Translation */ = {
			isa = PBXGroup;
			children = (
				1860A879200405C7008042EE /* TranslationCoordinator.swift */,
				183EC651200A65060043C82B /* TranslationViewController.swift */,
				183EC655200A6C950043C82B /* TranslationView.swift */,
				183EC657200A6CAD0043C82B /* TranslationView.xib */,
			);
			path = Translation;
			sourceTree = "<group>";
		};
		1887A5DA1FFAA4B300BA19A0 /* Services */ = {
			isa = PBXGroup;
			children = (
				1860A87B200406F0008042EE /* TranslationService.swift */,
				1887A5DC1FFAA4B300BA19A0 /* ObservationService.swift */,
				183EC65B200A6FA50043C82B /* CaptureSessionService.swift */,
				1887A5DD1FFAA4B300BA19A0 /* CaptureDevicePermissionService.swift */,
				1887A5DB1FFAA4B300BA19A0 /* CameraFrameExtractService.swift */,
			);
			path = Services;
			sourceTree = "<group>";
		};
		1887A5E51FFC0FBF00BA19A0 /* Stores */ = {
			isa = PBXGroup;
			children = (
				1887A5E61FFC0FBF00BA19A0 /* ObservationStore.swift */,
			);
			path = Stores;
			sourceTree = "<group>";
		};
		1887A5EE1FFC20E200BA19A0 /* Transformers */ = {
			isa = PBXGroup;
			children = (
				1887A5EF1FFC20E200BA19A0 /* ObservationTransformer.swift */,
				189303C520112D1400E9B494 /* TranslatedObservationTransformer.swift */,
			);
			path = Transformers;
			sourceTree = "<group>";
		};
		189303CD2012723F00E9B494 /* Models */ = {
			isa = PBXGroup;
			children = (
				189303D32012725D00E9B494 /* TranslatedObservation.swift */,
				189303D52012726C00E9B494 /* Translation.swift */,
			);
			path = Models;
			sourceTree = "<group>";
		};
		189303CE2012724600E9B494 /* MLModels */ = {
			isa = PBXGroup;
			children = (
				189303CF2012724600E9B494 /* MobileNet.mlmodel */,
				189303D02012724600E9B494 /* .gitattributes */,
			);
			path = MLModels;
			sourceTree = "<group>";
		};
		18B696E51FDD8F9C00D7C401 = {
			isa = PBXGroup;
			children = (
				189303D820127A9600E9B494 /* Default-568h@2x.png */,
				18B696F01FDD8F9C00D7C401 /* CoreTranslate */,
				18B697051FDD8F9C00D7C401 /* CoreTranslateTests */,
				18B696EF1FDD8F9C00D7C401 /* Products */,
				C1BFB225A7A0542BEDA7D680 /* Pods */,
				775546A4DDBA96D49ECEA592 /* Frameworks */,
			);
			sourceTree = "<group>";
		};
		18B696EF1FDD8F9C00D7C401 /* Products */ = {
			isa = PBXGroup;
			children = (
				18B696EE1FDD8F9C00D7C401 /* CoreTranslate.app */,
				18B697021FDD8F9C00D7C401 /* CoreTranslateTests.xctest */,
			);
			name = Products;
			sourceTree = "<group>";
		};
		18B696F01FDD8F9C00D7C401 /* CoreTranslate */ = {
			isa = PBXGroup;
			children = (
				18B696F11FDD8F9C00D7C401 /* AppDelegate.swift */,
				183EC649200943DC0043C82B /* ApplicationConfiguration.swift */,
				189303CB2012702200E9B494 /* LanguageHelper.swift */,
				189303CD2012723F00E9B494 /* Models */,
				189303CE2012724600E9B494 /* MLModels */,
				183EC661200BFC880043C82B /* Operations */,
				183EC646200942BD0043C82B /* Networking */,
				1841B509200109CA0055BD73 /* ViewPresentations */,
				1887A5EE1FFC20E200BA19A0 /* Transformers */,
				1887A5E51FFC0FBF00BA19A0 /* Stores */,
				1887A5DA1FFAA4B300BA19A0 /* Services */,
				18B697161FDDA68C00D7C401 /* Coordinators */,
				185B56DF1FE27818008E0D56 /* Extensions */,
				18B696F81FDD8F9C00D7C401 /* Assets.xcassets */,
				18B696FA1FDD8F9C00D7C401 /* LaunchScreen.storyboard */,
				18B696FD1FDD8F9C00D7C401 /* Info.plist */,
			);
			path = CoreTranslate;
			sourceTree = "<group>";
		};
		18B697051FDD8F9C00D7C401 /* CoreTranslateTests */ = {
			isa = PBXGroup;
			children = (
				18B697081FDD8F9D00D7C401 /* Info.plist */,
				1887A5EA1FFC18A500BA19A0 /* DispatchQueue+NamingTests.swift */,
			);
			path = CoreTranslateTests;
			sourceTree = "<group>";
		};
		18B697161FDDA68C00D7C401 /* Coordinators */ = {
			isa = PBXGroup;
			children = (
				18B697171FDDA68C00D7C401 /* Coordinator.swift */,
				18B697201FDDA6F800D7C401 /* App */,
				18B697181FDDA68C00D7C401 /* TakePhoto */,
				1841B4FC20000F2A0055BD73 /* ObservationResults */,
				1860A878200405C7008042EE /* Translation */,
			);
			path = Coordinators;
			sourceTree = "<group>";
		};
		18B697181FDDA68C00D7C401 /* TakePhoto */ = {
			isa = PBXGroup;
			children = (
				18B697191FDDA68C00D7C401 /* TakePhotoCoordinator.swift */,
				18B6971C1FDDA6B700D7C401 /* TakePhotoViewController.swift */,
				185B56D11FDEF6D3008E0D56 /* TakePhotoViewController.xib */,
			);
			path = TakePhoto;
			sourceTree = "<group>";
		};
		18B697201FDDA6F800D7C401 /* App */ = {
			isa = PBXGroup;
			children = (
				18B697211FDDA6F800D7C401 /* AppCoordinator.swift */,
			);
			path = App;
			sourceTree = "<group>";
		};
		775546A4DDBA96D49ECEA592 /* Frameworks */ = {
			isa = PBXGroup;
			children = (
				6FF638CC703ACCCEF1D4021F /* Pods_CoreTranslate.framework */,
				C97234EB1F5A5A3D7E9A2D31 /* Pods_CoreTranslateTests.framework */,
			);
			name = Frameworks;
			sourceTree = "<group>";
		};
		C1BFB225A7A0542BEDA7D680 /* Pods */ = {
			isa = PBXGroup;
			children = (
				4431AC74F1ACDE42761FF27D /* Pods-CoreTranslate.debug.xcconfig */,
				91B8F4CB54DFC65BB9345426 /* Pods-CoreTranslate.release.xcconfig */,
				B675DFE5244572DD412BBDE9 /* Pods-CoreTranslateTests.debug.xcconfig */,
				D054F1AA5E39D3297956F2D7 /* Pods-CoreTranslateTests.release.xcconfig */,
			);
			name = Pods;
			sourceTree = "<group>";
		};
/* End PBXGroup section */

/* Begin PBXNativeTarget section */
		18B696ED1FDD8F9C00D7C401 /* CoreTranslate */ = {
			isa = PBXNativeTarget;
			buildConfigurationList = 18B6970B1FDD8F9D00D7C401 /* Build configuration list for PBXNativeTarget "CoreTranslate" */;
			buildPhases = (
				DEEEAD09B6C2C82E013BA9A4 /* [CP] Check Pods Manifest.lock */,
				189303D72012785200E9B494 /* Swiftlint */,
				18B696EA1FDD8F9C00D7C401 /* Sources */,
				18B696EB1FDD8F9C00D7C401 /* Frameworks */,
				18B696EC1FDD8F9C00D7C401 /* Resources */,
				A386C568267F5D678729F5EF /* [CP] Embed Pods Frameworks */,
				F8FF748EF63AE5D73A7DA3FB /* [CP] Copy Pods Resources */,
			);
			buildRules = (
			);
			dependencies = (
			);
			name = CoreTranslate;
			productName = CoreTranslate;
			productReference = 18B696EE1FDD8F9C00D7C401 /* CoreTranslate.app */;
			productType = "com.apple.product-type.application";
		};
		18B697011FDD8F9C00D7C401 /* CoreTranslateTests */ = {
			isa = PBXNativeTarget;
			buildConfigurationList = 18B6970E1FDD8F9D00D7C401 /* Build configuration list for PBXNativeTarget "CoreTranslateTests" */;
			buildPhases = (
				8D728C3A11E483D45B480C26 /* [CP] Check Pods Manifest.lock */,
				18B696FE1FDD8F9C00D7C401 /* Sources */,
				18B696FF1FDD8F9C00D7C401 /* Frameworks */,
				18B697001FDD8F9C00D7C401 /* Resources */,
				DD795D39FC7E51E9C4514A37 /* [CP] Embed Pods Frameworks */,
				A7B8DD92DF16DAFD7FDC56D8 /* [CP] Copy Pods Resources */,
			);
			buildRules = (
			);
			dependencies = (
				18B697041FDD8F9C00D7C401 /* PBXTargetDependency */,
			);
			name = CoreTranslateTests;
			productName = CoreTranslateTests;
			productReference = 18B697021FDD8F9C00D7C401 /* CoreTranslateTests.xctest */;
			productType = "com.apple.product-type.bundle.unit-test";
		};
/* End PBXNativeTarget section */

/* Begin PBXProject section */
		18B696E61FDD8F9C00D7C401 /* Project object */ = {
			isa = PBXProject;
			attributes = {
				LastSwiftUpdateCheck = 0920;
				LastUpgradeCheck = 0920;
				ORGANIZATIONNAME = Dirtylabs;
				TargetAttributes = {
					18B696ED1FDD8F9C00D7C401 = {
						CreatedOnToolsVersion = 9.2;
						ProvisioningStyle = Automatic;
					};
					18B697011FDD8F9C00D7C401 = {
						CreatedOnToolsVersion = 9.2;
						LastSwiftMigration = 0920;
						ProvisioningStyle = Automatic;
						TestTargetID = 18B696ED1FDD8F9C00D7C401;
					};
				};
			};
			buildConfigurationList = 18B696E91FDD8F9C00D7C401 /* Build configuration list for PBXProject "CoreTranslate" */;
			compatibilityVersion = "Xcode 8.0";
			developmentRegion = en;
			hasScannedForEncodings = 0;
			knownRegions = (
				en,
				Base,
			);
			mainGroup = 18B696E51FDD8F9C00D7C401;
			productRefGroup = 18B696EF1FDD8F9C00D7C401 /* Products */;
			projectDirPath = "";
			projectRoot = "";
			targets = (
				18B696ED1FDD8F9C00D7C401 /* CoreTranslate */,
				18B697011FDD8F9C00D7C401 /* CoreTranslateTests */,
			);
		};
/* End PBXProject section */

/* Begin PBXResourcesBuildPhase section */
		18B696EC1FDD8F9C00D7C401 /* Resources */ = {
			isa = PBXResourcesBuildPhase;
			buildActionMask = 2147483647;
			files = (
				18B696FC1FDD8F9C00D7C401 /* LaunchScreen.storyboard in Resources */,
				18B696F91FDD8F9C00D7C401 /* Assets.xcassets in Resources */,
				1841B50F200119BE0055BD73 /* ObservationResultCell.xib in Resources */,
				183EC658200A6CAD0043C82B /* TranslationView.xib in Resources */,
				189303D22012724600E9B494 /* .gitattributes in Resources */,
				189303D920127A9700E9B494 /* Default-568h@2x.png in Resources */,
				1841B50220000FD40055BD73 /* ObservationResultsViewController.xib in Resources */,
				185B56D21FDEF6D3008E0D56 /* TakePhotoViewController.xib in Resources */,
			);
			runOnlyForDeploymentPostprocessing = 0;
		};
		18B697001FDD8F9C00D7C401 /* Resources */ = {
			isa = PBXResourcesBuildPhase;
			buildActionMask = 2147483647;
			files = (
			);
			runOnlyForDeploymentPostprocessing = 0;
		};
/* End PBXResourcesBuildPhase section */

/* Begin PBXShellScriptBuildPhase section */
		189303D72012785200E9B494 /* Swiftlint */ = {
			isa = PBXShellScriptBuildPhase;
			buildActionMask = 2147483647;
			files = (
			);
			inputPaths = (
			);
			name = Swiftlint;
			outputPaths = (
			);
			runOnlyForDeploymentPostprocessing = 0;
			shellPath = /bin/sh;
			shellScript = "if which swiftlint >/dev/null; then\n    swiftlint\nelse\n    echo \"warning: SwiftLint not installed, download from https://github.com/realm/SwiftLint\"\nfi\n";
		};
		8D728C3A11E483D45B480C26 /* [CP] Check Pods Manifest.lock */ = {
			isa = PBXShellScriptBuildPhase;
			buildActionMask = 2147483647;
			files = (
			);
			inputPaths = (
				"${PODS_PODFILE_DIR_PATH}/Podfile.lock",
				"${PODS_ROOT}/Manifest.lock",
			);
			name = "[CP] Check Pods Manifest.lock";
			outputPaths = (
				"$(DERIVED_FILE_DIR)/Pods-CoreTranslateTests-checkManifestLockResult.txt",
			);
			runOnlyForDeploymentPostprocessing = 0;
			shellPath = /bin/sh;
			shellScript = "diff \"${PODS_PODFILE_DIR_PATH}/Podfile.lock\" \"${PODS_ROOT}/Manifest.lock\" > /dev/null\nif [ $? != 0 ] ; then\n    # print error to STDERR\n    echo \"error: The sandbox is not in sync with the Podfile.lock. Run 'pod install' or update your CocoaPods installation.\" >&2\n    exit 1\nfi\n# This output is used by Xcode 'outputs' to avoid re-running this script phase.\necho \"SUCCESS\" > \"${SCRIPT_OUTPUT_FILE_0}\"\n";
			showEnvVarsInLog = 0;
		};
		A386C568267F5D678729F5EF /* [CP] Embed Pods Frameworks */ = {
			isa = PBXShellScriptBuildPhase;
			buildActionMask = 2147483647;
			files = (
			);
			inputPaths = (
				"${SRCROOT}/Pods/Target Support Files/Pods-CoreTranslate/Pods-CoreTranslate-frameworks.sh",
				"${BUILT_PRODUCTS_DIR}/Alamofire/Alamofire.framework",
				"${BUILT_PRODUCTS_DIR}/ErrorHandler/ErrorHandler.framework",
				"${BUILT_PRODUCTS_DIR}/StyledText/StyledText.framework",
			);
			name = "[CP] Embed Pods Frameworks";
			outputPaths = (
				"${TARGET_BUILD_DIR}/${FRAMEWORKS_FOLDER_PATH}/Alamofire.framework",
				"${TARGET_BUILD_DIR}/${FRAMEWORKS_FOLDER_PATH}/ErrorHandler.framework",
				"${TARGET_BUILD_DIR}/${FRAMEWORKS_FOLDER_PATH}/StyledText.framework",
			);
			runOnlyForDeploymentPostprocessing = 0;
			shellPath = /bin/sh;
			shellScript = "\"${SRCROOT}/Pods/Target Support Files/Pods-CoreTranslate/Pods-CoreTranslate-frameworks.sh\"\n";
			showEnvVarsInLog = 0;
		};
		A7B8DD92DF16DAFD7FDC56D8 /* [CP] Copy Pods Resources */ = {
			isa = PBXShellScriptBuildPhase;
			buildActionMask = 2147483647;
			files = (
			);
			inputPaths = (
			);
			name = "[CP] Copy Pods Resources";
			outputPaths = (
			);
			runOnlyForDeploymentPostprocessing = 0;
			shellPath = /bin/sh;
			shellScript = "\"${SRCROOT}/Pods/Target Support Files/Pods-CoreTranslateTests/Pods-CoreTranslateTests-resources.sh\"\n";
			showEnvVarsInLog = 0;
		};
		DD795D39FC7E51E9C4514A37 /* [CP] Embed Pods Frameworks */ = {
			isa = PBXShellScriptBuildPhase;
			buildActionMask = 2147483647;
			files = (
			);
			inputPaths = (
			);
			name = "[CP] Embed Pods Frameworks";
			outputPaths = (
			);
			runOnlyForDeploymentPostprocessing = 0;
			shellPath = /bin/sh;
			shellScript = "\"${SRCROOT}/Pods/Target Support Files/Pods-CoreTranslateTests/Pods-CoreTranslateTests-frameworks.sh\"\n";
			showEnvVarsInLog = 0;
		};
		DEEEAD09B6C2C82E013BA9A4 /* [CP] Check Pods Manifest.lock */ = {
			isa = PBXShellScriptBuildPhase;
			buildActionMask = 2147483647;
			files = (
			);
			inputPaths = (
				"${PODS_PODFILE_DIR_PATH}/Podfile.lock",
				"${PODS_ROOT}/Manifest.lock",
			);
			name = "[CP] Check Pods Manifest.lock";
			outputPaths = (
				"$(DERIVED_FILE_DIR)/Pods-CoreTranslate-checkManifestLockResult.txt",
			);
			runOnlyForDeploymentPostprocessing = 0;
			shellPath = /bin/sh;
			shellScript = "diff \"${PODS_PODFILE_DIR_PATH}/Podfile.lock\" \"${PODS_ROOT}/Manifest.lock\" > /dev/null\nif [ $? != 0 ] ; then\n    # print error to STDERR\n    echo \"error: The sandbox is not in sync with the Podfile.lock. Run 'pod install' or update your CocoaPods installation.\" >&2\n    exit 1\nfi\n# This output is used by Xcode 'outputs' to avoid re-running this script phase.\necho \"SUCCESS\" > \"${SCRIPT_OUTPUT_FILE_0}\"\n";
			showEnvVarsInLog = 0;
		};
		F8FF748EF63AE5D73A7DA3FB /* [CP] Copy Pods Resources */ = {
			isa = PBXShellScriptBuildPhase;
			buildActionMask = 2147483647;
			files = (
			);
			inputPaths = (
			);
			name = "[CP] Copy Pods Resources";
			outputPaths = (
			);
			runOnlyForDeploymentPostprocessing = 0;
			shellPath = /bin/sh;
			shellScript = "\"${SRCROOT}/Pods/Target Support Files/Pods-CoreTranslate/Pods-CoreTranslate-resources.sh\"\n";
			showEnvVarsInLog = 0;
		};
/* End PBXShellScriptBuildPhase section */

/* Begin PBXSourcesBuildPhase section */
		18B696EA1FDD8F9C00D7C401 /* Sources */ = {
			isa = PBXSourcesBuildPhase;
			buildActionMask = 2147483647;
			files = (
				1841B50B200109CB0055BD73 /* ObservationViewPresentation.swift in Sources */,
				1887A5DE1FFAA4B300BA19A0 /* CameraFrameExtractService.swift in Sources */,
				18B6971B1FDDA68C00D7C401 /* TakePhotoCoordinator.swift in Sources */,
				183EC663200BFC880043C82B /* AsyncOperation.swift in Sources */,
				18B696F21FDD8F9C00D7C401 /* AppDelegate.swift in Sources */,
				1841B506200105090055BD73 /* UITableView+CellUsage.swift in Sources */,
				1860A87A200405C7008042EE /* TranslationCoordinator.swift in Sources */,
				1887A5E71FFC0FBF00BA19A0 /* ObservationStore.swift in Sources */,
				189303D12012724600E9B494 /* MobileNet.mlmodel in Sources */,
				1841B5042000FEDD0055BD73 /* ObservationResultCell.swift in Sources */,
				185B56E11FE27818008E0D56 /* UIViewController+Alerts.swift in Sources */,
				189303D62012726C00E9B494 /* Translation.swift in Sources */,
				183EC648200942BD0043C82B /* RESTService.swift in Sources */,
				183EC656200A6C950043C82B /* TranslationView.swift in Sources */,
				1887A5E01FFAA4B300BA19A0 /* CaptureDevicePermissionService.swift in Sources */,
				183EC64C20094BE00043C82B /* TranslationResponse.swift in Sources */,
				1860A87C200406F0008042EE /* TranslationService.swift in Sources */,
				1841B4FE20000F2A0055BD73 /* ObservationResultsCoordinator.swift in Sources */,
				1887A5E91FFC120400BA19A0 /* DispatchQueue+Naming.swift in Sources */,
				183EC64E20094C360043C82B /* RESTRequestFactory.swift in Sources */,
				18B697221FDDA6F800D7C401 /* AppCoordinator.swift in Sources */,
				183EC65E200B80CF0043C82B /* String+Formatting.swift in Sources */,
				189303CC2012702200E9B494 /* LanguageHelper.swift in Sources */,
				183EC665200BFC9D0043C82B /* TranslationOperation.swift in Sources */,
				189303C620112D1400E9B494 /* TranslatedObservationTransformer.swift in Sources */,
				189303D42012725D00E9B494 /* TranslatedObservation.swift in Sources */,
				1887A5F01FFC20E200BA19A0 /* ObservationTransformer.swift in Sources */,
				18B6971D1FDDA6B700D7C401 /* TakePhotoViewController.swift in Sources */,
				1887A5DF1FFAA4B300BA19A0 /* ObservationService.swift in Sources */,
				183EC65C200A6FA50043C82B /* CaptureSessionService.swift in Sources */,
				183EC65A200A6F520043C82B /* TranslationViewPresentation.swift in Sources */,
				1841B50120000FD40055BD73 /* ObservationResultsViewController.swift in Sources */,
				183EC64A200943DC0043C82B /* ApplicationConfiguration.swift in Sources */,
				1841B50D200116220055BD73 /* ObservationResultsDataSource.swift in Sources */,
				18B6971A1FDDA68C00D7C401 /* Coordinator.swift in Sources */,
				183EC653200A65060043C82B /* TranslationViewController.swift in Sources */,
			);
			runOnlyForDeploymentPostprocessing = 0;
		};
		18B696FE1FDD8F9C00D7C401 /* Sources */ = {
			isa = PBXSourcesBuildPhase;
			buildActionMask = 2147483647;
			files = (
				1887A5EB1FFC18A500BA19A0 /* DispatchQueue+NamingTests.swift in Sources */,
			);
			runOnlyForDeploymentPostprocessing = 0;
		};
/* End PBXSourcesBuildPhase section */

/* Begin PBXTargetDependency section */
		18B697041FDD8F9C00D7C401 /* PBXTargetDependency */ = {
			isa = PBXTargetDependency;
			target = 18B696ED1FDD8F9C00D7C401 /* CoreTranslate */;
			targetProxy = 18B697031FDD8F9C00D7C401 /* PBXContainerItemProxy */;
		};
/* End PBXTargetDependency section */

/* Begin PBXVariantGroup section */
		18B696FA1FDD8F9C00D7C401 /* LaunchScreen.storyboard */ = {
			isa = PBXVariantGroup;
			children = (
				18B696FB1FDD8F9C00D7C401 /* Base */,
			);
			name = LaunchScreen.storyboard;
			sourceTree = "<group>";
		};
/* End PBXVariantGroup section */

/* Begin XCBuildConfiguration section */
		18B697091FDD8F9D00D7C401 /* Debug */ = {
			isa = XCBuildConfiguration;
			buildSettings = {
				ALWAYS_SEARCH_USER_PATHS = NO;
				CLANG_ANALYZER_NONNULL = YES;
				CLANG_ANALYZER_NUMBER_OBJECT_CONVERSION = YES_AGGRESSIVE;
				CLANG_CXX_LANGUAGE_STANDARD = "gnu++14";
				CLANG_CXX_LIBRARY = "libc++";
				CLANG_ENABLE_MODULES = YES;
				CLANG_ENABLE_OBJC_ARC = YES;
				CLANG_WARN_BLOCK_CAPTURE_AUTORELEASING = YES;
				CLANG_WARN_BOOL_CONVERSION = YES;
				CLANG_WARN_COMMA = YES;
				CLANG_WARN_CONSTANT_CONVERSION = YES;
				CLANG_WARN_DIRECT_OBJC_ISA_USAGE = YES_ERROR;
				CLANG_WARN_DOCUMENTATION_COMMENTS = YES;
				CLANG_WARN_EMPTY_BODY = YES;
				CLANG_WARN_ENUM_CONVERSION = YES;
				CLANG_WARN_INFINITE_RECURSION = YES;
				CLANG_WARN_INT_CONVERSION = YES;
				CLANG_WARN_NON_LITERAL_NULL_CONVERSION = YES;
				CLANG_WARN_OBJC_LITERAL_CONVERSION = YES;
				CLANG_WARN_OBJC_ROOT_CLASS = YES_ERROR;
				CLANG_WARN_RANGE_LOOP_ANALYSIS = YES;
				CLANG_WARN_STRICT_PROTOTYPES = YES;
				CLANG_WARN_SUSPICIOUS_MOVE = YES;
				CLANG_WARN_UNGUARDED_AVAILABILITY = YES_AGGRESSIVE;
				CLANG_WARN_UNREACHABLE_CODE = YES;
				CLANG_WARN__DUPLICATE_METHOD_MATCH = YES;
				CODE_SIGN_IDENTITY = "iPhone Developer";
				COPY_PHASE_STRIP = NO;
				DEBUG_INFORMATION_FORMAT = dwarf;
				ENABLE_STRICT_OBJC_MSGSEND = YES;
				ENABLE_TESTABILITY = YES;
				GCC_C_LANGUAGE_STANDARD = gnu11;
				GCC_DYNAMIC_NO_PIC = NO;
				GCC_NO_COMMON_BLOCKS = YES;
				GCC_OPTIMIZATION_LEVEL = 0;
				GCC_PREPROCESSOR_DEFINITIONS = (
					"DEBUG=1",
					"$(inherited)",
				);
				GCC_WARN_64_TO_32_BIT_CONVERSION = YES;
				GCC_WARN_ABOUT_RETURN_TYPE = YES_ERROR;
				GCC_WARN_UNDECLARED_SELECTOR = YES;
				GCC_WARN_UNINITIALIZED_AUTOS = YES_AGGRESSIVE;
				GCC_WARN_UNUSED_FUNCTION = YES;
				GCC_WARN_UNUSED_VARIABLE = YES;
				IPHONEOS_DEPLOYMENT_TARGET = 11.0;
				MTL_ENABLE_DEBUG_INFO = YES;
				ONLY_ACTIVE_ARCH = YES;
				SDKROOT = iphoneos;
				SWIFT_ACTIVE_COMPILATION_CONDITIONS = DEBUG;
				SWIFT_OPTIMIZATION_LEVEL = "-Onone";
			};
			name = Debug;
		};
		18B6970A1FDD8F9D00D7C401 /* Release */ = {
			isa = XCBuildConfiguration;
			buildSettings = {
				ALWAYS_SEARCH_USER_PATHS = NO;
				CLANG_ANALYZER_NONNULL = YES;
				CLANG_ANALYZER_NUMBER_OBJECT_CONVERSION = YES_AGGRESSIVE;
				CLANG_CXX_LANGUAGE_STANDARD = "gnu++14";
				CLANG_CXX_LIBRARY = "libc++";
				CLANG_ENABLE_MODULES = YES;
				CLANG_ENABLE_OBJC_ARC = YES;
				CLANG_WARN_BLOCK_CAPTURE_AUTORELEASING = YES;
				CLANG_WARN_BOOL_CONVERSION = YES;
				CLANG_WARN_COMMA = YES;
				CLANG_WARN_CONSTANT_CONVERSION = YES;
				CLANG_WARN_DIRECT_OBJC_ISA_USAGE = YES_ERROR;
				CLANG_WARN_DOCUMENTATION_COMMENTS = YES;
				CLANG_WARN_EMPTY_BODY = YES;
				CLANG_WARN_ENUM_CONVERSION = YES;
				CLANG_WARN_INFINITE_RECURSION = YES;
				CLANG_WARN_INT_CONVERSION = YES;
				CLANG_WARN_NON_LITERAL_NULL_CONVERSION = YES;
				CLANG_WARN_OBJC_LITERAL_CONVERSION = YES;
				CLANG_WARN_OBJC_ROOT_CLASS = YES_ERROR;
				CLANG_WARN_RANGE_LOOP_ANALYSIS = YES;
				CLANG_WARN_STRICT_PROTOTYPES = YES;
				CLANG_WARN_SUSPICIOUS_MOVE = YES;
				CLANG_WARN_UNGUARDED_AVAILABILITY = YES_AGGRESSIVE;
				CLANG_WARN_UNREACHABLE_CODE = YES;
				CLANG_WARN__DUPLICATE_METHOD_MATCH = YES;
				CODE_SIGN_IDENTITY = "iPhone Developer";
				COPY_PHASE_STRIP = NO;
				DEBUG_INFORMATION_FORMAT = "dwarf-with-dsym";
				ENABLE_NS_ASSERTIONS = NO;
				ENABLE_STRICT_OBJC_MSGSEND = YES;
				GCC_C_LANGUAGE_STANDARD = gnu11;
				GCC_NO_COMMON_BLOCKS = YES;
				GCC_WARN_64_TO_32_BIT_CONVERSION = YES;
				GCC_WARN_ABOUT_RETURN_TYPE = YES_ERROR;
				GCC_WARN_UNDECLARED_SELECTOR = YES;
				GCC_WARN_UNINITIALIZED_AUTOS = YES_AGGRESSIVE;
				GCC_WARN_UNUSED_FUNCTION = YES;
				GCC_WARN_UNUSED_VARIABLE = YES;
				IPHONEOS_DEPLOYMENT_TARGET = 11.0;
				MTL_ENABLE_DEBUG_INFO = NO;
				SDKROOT = iphoneos;
				SWIFT_OPTIMIZATION_LEVEL = "-Owholemodule";
				VALIDATE_PRODUCT = YES;
			};
			name = Release;
		};
		18B6970C1FDD8F9D00D7C401 /* Debug */ = {
			isa = XCBuildConfiguration;
			baseConfigurationReference = 4431AC74F1ACDE42761FF27D /* Pods-CoreTranslate.debug.xcconfig */;
			buildSettings = {
				ASSETCATALOG_COMPILER_APPICON_NAME = AppIcon;
				"CODE_SIGN_IDENTITY[sdk=iphoneos*]" = "iPhone Developer";
				CODE_SIGN_STYLE = Automatic;
				DEVELOPMENT_TEAM = V6UNSDB9C4;
				INFOPLIST_FILE = CoreTranslate/Info.plist;
				IPHONEOS_DEPLOYMENT_TARGET = 11.0;
				LD_RUNPATH_SEARCH_PATHS = "$(inherited) @executable_path/Frameworks";
				PRODUCT_BUNDLE_IDENTIFIER = com.dirtylabs.prototype.CoreTranslate;
				PRODUCT_NAME = "$(TARGET_NAME)";
				PROVISIONING_PROFILE_SPECIFIER = "";
				SWIFT_VERSION = 4.0;
				TARGETED_DEVICE_FAMILY = "1,2";
			};
			name = Debug;
		};
		18B6970D1FDD8F9D00D7C401 /* Release */ = {
			isa = XCBuildConfiguration;
			baseConfigurationReference = 91B8F4CB54DFC65BB9345426 /* Pods-CoreTranslate.release.xcconfig */;
			buildSettings = {
				ASSETCATALOG_COMPILER_APPICON_NAME = AppIcon;
				"CODE_SIGN_IDENTITY[sdk=iphoneos*]" = "iPhone Developer";
				CODE_SIGN_STYLE = Automatic;
				DEVELOPMENT_TEAM = V6UNSDB9C4;
				INFOPLIST_FILE = CoreTranslate/Info.plist;
				IPHONEOS_DEPLOYMENT_TARGET = 11.0;
				LD_RUNPATH_SEARCH_PATHS = "$(inherited) @executable_path/Frameworks";
				PRODUCT_BUNDLE_IDENTIFIER = com.dirtylabs.prototype.CoreTranslate;
				PRODUCT_NAME = "$(TARGET_NAME)";
				PROVISIONING_PROFILE_SPECIFIER = "";
				SWIFT_VERSION = 4.0;
				TARGETED_DEVICE_FAMILY = "1,2";
			};
			name = Release;
		};
		18B6970F1FDD8F9D00D7C401 /* Debug */ = {
			isa = XCBuildConfiguration;
			baseConfigurationReference = B675DFE5244572DD412BBDE9 /* Pods-CoreTranslateTests.debug.xcconfig */;
			buildSettings = {
				ALWAYS_EMBED_SWIFT_STANDARD_LIBRARIES = YES;
				BUNDLE_LOADER = "$(TEST_HOST)";
				CLANG_ENABLE_MODULES = YES;
				CODE_SIGN_STYLE = Automatic;
				DEVELOPMENT_TEAM = 2G45Q9338W;
				INFOPLIST_FILE = CoreTranslateTests/Info.plist;
				LD_RUNPATH_SEARCH_PATHS = "$(inherited) @executable_path/Frameworks @loader_path/Frameworks";
				PRODUCT_BUNDLE_IDENTIFIER = com.dirtylabs.CoreTranslateTests;
				PRODUCT_NAME = "$(TARGET_NAME)";
				SWIFT_OPTIMIZATION_LEVEL = "-Onone";
				SWIFT_VERSION = 4.0;
				TARGETED_DEVICE_FAMILY = "1,2";
				TEST_HOST = "$(BUILT_PRODUCTS_DIR)/CoreTranslate.app/CoreTranslate";
			};
			name = Debug;
		};
		18B697101FDD8F9D00D7C401 /* Release */ = {
			isa = XCBuildConfiguration;
			baseConfigurationReference = D054F1AA5E39D3297956F2D7 /* Pods-CoreTranslateTests.release.xcconfig */;
			buildSettings = {
				ALWAYS_EMBED_SWIFT_STANDARD_LIBRARIES = YES;
				BUNDLE_LOADER = "$(TEST_HOST)";
				CLANG_ENABLE_MODULES = YES;
				CODE_SIGN_STYLE = Automatic;
				DEVELOPMENT_TEAM = 2G45Q9338W;
				INFOPLIST_FILE = CoreTranslateTests/Info.plist;
				LD_RUNPATH_SEARCH_PATHS = "$(inherited) @executable_path/Frameworks @loader_path/Frameworks";
				PRODUCT_BUNDLE_IDENTIFIER = com.dirtylabs.CoreTranslateTests;
				PRODUCT_NAME = "$(TARGET_NAME)";
				SWIFT_VERSION = 4.0;
				TARGETED_DEVICE_FAMILY = "1,2";
				TEST_HOST = "$(BUILT_PRODUCTS_DIR)/CoreTranslate.app/CoreTranslate";
			};
			name = Release;
		};
/* End XCBuildConfiguration section */

/* Begin XCConfigurationList section */
		18B696E91FDD8F9C00D7C401 /* Build configuration list for PBXProject "CoreTranslate" */ = {
			isa = XCConfigurationList;
			buildConfigurations = (
				18B697091FDD8F9D00D7C401 /* Debug */,
				18B6970A1FDD8F9D00D7C401 /* Release */,
			);
			defaultConfigurationIsVisible = 0;
			defaultConfigurationName = Release;
		};
		18B6970B1FDD8F9D00D7C401 /* Build configuration list for PBXNativeTarget "CoreTranslate" */ = {
			isa = XCConfigurationList;
			buildConfigurations = (
				18B6970C1FDD8F9D00D7C401 /* Debug */,
				18B6970D1FDD8F9D00D7C401 /* Release */,
			);
			defaultConfigurationIsVisible = 0;
			defaultConfigurationName = Release;
		};
		18B6970E1FDD8F9D00D7C401 /* Build configuration list for PBXNativeTarget "CoreTranslateTests" */ = {
			isa = XCConfigurationList;
			buildConfigurations = (
				18B6970F1FDD8F9D00D7C401 /* Debug */,
				18B697101FDD8F9D00D7C401 /* Release */,
			);
			defaultConfigurationIsVisible = 0;
			defaultConfigurationName = Release;
		};
/* End XCConfigurationList section */
	};
	rootObject = 18B696E61FDD8F9C00D7C401 /* Project object */;
}
